<?xml version="1.0" encoding="utf-8"?>
<Project ToolsVersion="4.0" xmlns="http://schemas.microsoft.com/developer/msbuild/2003">
  <ItemGroup>
    <Filter Include="Source Files">
      <UniqueIdentifier>{4FC737F1-C7A5-4376-A066-2A32D752A2FF}</UniqueIdentifier>
      <Extensions>cpp;c;cc;cxx;c++;cppm;ixx;def;odl;idl;hpj;bat;asm;asmx</Extensions>
    </Filter>
    <Filter Include="Header Files">
      <UniqueIdentifier>{93995380-89BD-4b04-88EB-625FBE52EBFB}</UniqueIdentifier>
      <Extensions>h;hh;hpp;hxx;h++;hm;inl;inc;ipp;xsd</Extensions>
    </Filter>
    <Filter Include="Resource Files">
      <UniqueIdentifier>{67DA6AB6-F800-4c08-8B7A-83BB121AAD01}</UniqueIdentifier>
      <Extensions>rc;ico;cur;bmp;dlg;rc2;rct;bin;rgs;gif;jpg;jpeg;jpe;resx;tiff;tif;png;wav;mfcribbon-ms</Extensions>
    </Filter>
  </ItemGroup>
  <ItemGroup>
    <ClCompile Include="AutomatedTrading.cpp">
      <Filter>Source Files</Filter>
    </ClCompile>
    <ClCompile Include="BacktestService.cpp">
      <Filter>Source Files</Filter>
    </ClCompile>
    <ClCompile Include="ForwardPriceService.cpp">
      <Filter>Source Files</Filter>
    </ClCompile>
    <ClCompile Include="ImpliedVolService.cpp">
      <Filter>Source Files</Filter>
    </ClCompile>
    <ClCompile Include="KiteInstrumentService.cpp">
      <Filter>Source Files</Filter>
    </ClCompile>
    <ClCompile Include="KiteSession.cpp">
      <Filter>Source Files</Filter>
    </ClCompile>
    <ClCompile Include="KiteMarketDataService.cpp">
      <Filter>Source Files</Filter>
    </ClCompile>
    <ClCompile Include="OptionChainService.cpp">
      <Filter>Source Files</Filter>
    </ClCompile>
    <ClCompile Include="QuoteService.cpp">
      <Filter>Source Files</Filter>
    </ClCompile>
    <ClCompile Include="SignalService.cpp">
      <Filter>Source Files</Filter>
    </ClCompile>
    <ClCompile Include="VolSurfaceService.cpp">
      <Filter>Source Files</Filter>
    </ClCompile>
  </ItemGroup>
  <ItemGroup>
    <ClInclude Include="BacktestService.h">
      <Filter>Header Files</Filter>
    </ClInclude>
    <ClInclude Include="ForwardPriceService.h">
      <Filter>Header Files</Filter>
    </ClInclude>
    <ClInclude Include="ImpliedVolService.h">
      <Filter>Header Files</Filter>
    </ClInclude>
    <ClInclude Include="KiteInstrumentService.h">
      <Filter>Header Files</Filter>
    </ClInclude>
    <ClInclude Include="KiteSession.h">
      <Filter>Header Files</Filter>
    </ClInclude>
    <ClInclude Include="KiteMarketDataService.h">
      <Filter>Header Files</Filter>
    </ClInclude>
    <ClInclude Include="OptionChainService.h">
      <Filter>Header Files</Filter>
    </ClInclude>
    <ClInclude Include="QuoteService.h">
      <Filter>Header Files</Filter>
    </ClInclude>
    <ClInclude Include="SignalService.h">
      <Filter>Header Files</Filter>
    </ClInclude>
    <ClInclude Include="VolArbitrageModels.h">
      <Filter>Header Files</Filter>
    </ClInclude>
    <ClInclude Include="VolSurfaceService.h">
      <Filter>Header Files</Filter>
    </ClInclude>
  </ItemGroup>
  <ItemGroup>
    <None Include="config.json.example">
      <Filter>Resource Files</Filter>
    </None>
  </ItemGroup>
</Project>
